
Microsoft Visual Studio Solution File, Format Version 12.00
# Visual Studio Version 16
VisualStudioVersion = 16.0.29503.13
MinimumVisualStudioVersion = 10.0.40219.1
Project("{FAE04EC0-301F-11D3-BF4B-00C04F79EFBC}") = "Asana", "Asana.csproj", "{A382400A-EA17-44EC-9EE7-C82B6F823D8C}"
EndProject
Project("{FAE04EC0-301F-11D3-BF4B-00C04F79EFBC}") = "AsanaTest", "..\AsanaFrameworkTest\AsanaTest.csproj", "{DC5EDDE1-88B2-42C0-8224-01F96FB9C256}"
EndProject
Global
	GlobalSection(SolutionConfigurationPlatforms) = preSolution
		Debug|Any CPU = Debug|Any CPU
		Release|Any CPU = Release|Any CPU
	EndGlobalSection
	GlobalSection(ProjectConfigurationPlatforms) = postSolution
		{A382400A-EA17-44EC-9EE7-C82B6F823D8C}.Debug|Any CPU.ActiveCfg = Debug|Any CPU
		{A382400A-EA17-44EC-9EE7-C82B6F823D8C}.Debug|Any CPU.Build.0 = Debug|Any CPU
		{A382400A-EA17-44EC-9EE7-C82B6F823D8C}.Release|Any CPU.ActiveCfg = Release|Any CPU
		{A382400A-EA17-44EC-9EE7-C82B6F823D8C}.Release|Any CPU.Build.0 = Release|Any CPU
		{DC5EDDE1-88B2-42C0-8224-01F96FB9C256}.Debug|Any CPU.ActiveCfg = Debug|Any CPU
		{DC5EDDE1-88B2-42C0-8224-01F96FB9C256}.Debug|Any CPU.Build.0 = Debug|Any CPU
		{DC5EDDE1-88B2-42C0-8224-01F96FB9C256}.Release|Any CPU.ActiveCfg = Release|Any CPU
		{DC5EDDE1-88B2-42C0-8224-01F96FB9C256}.Release|Any CPU.Build.0 = Release|Any CPU
	EndGlobalSection
	GlobalSection(SolutionProperties) = preSolution
		HideSolutionNode = FALSE
	EndGlobalSection
	GlobalSection(ExtensibilityGlobals) = postSolution
		SolutionGuid = {AD194315-D0BD-4DE2-B837-A2F8763D7449}
	EndGlobalSection
EndGlobal
